lockfileVersion: 5.4

specifiers:
  abitype: ^0.1.7
  typescript: ^4.8.4

devDependencies:
  abitype: 0.1.7_typescript@4.8.4
  typescript: 4.8.4

packages:

  /abitype/0.1.7_typescript@4.8.4:
    resolution: {integrity: sha512-mNBIrA8xbkR0PrxXSO/7p3irNhyLKO6S4VfU3YrR37cqpJIq1D63Yg8KlovOZkCVAaQ+lJkGDkOhSpv1QmMXIg==}
    engines: {pnpm: '>=7'}
    peerDependencies:
      typescript: '>=4.7.4'
    dependencies:
      typescript: 4.8.4
    dev: true

  /typescript/4.8.4:
    resolution: {integrity: sha512-QCh+85mCy+h0IGff8r5XWzOVSbBO+KfeYrMQh7NJ58QujwcE22u+NUSmUxqF+un70P9GXKxa2HCNiTTMJknyjQ==}
    engines: {node: '>=4.2.0'}
    hasBin: true
    dev: true
